# THIS IS AN AUTOGENERATED FILE. DO NOT EDIT THIS FILE DIRECTLY.
# yarn lockfile v1
leaflet@^1.0.1:
  version "1.0.1"
  resolved "https://registry.yarnpkg.com/leaflet/-/leaflet-1.0.1.tgz#5868c389b556cd85481198ff8bfe59a8de0932db"

normalize.css@^5.0.0:
  version "5.0.0"
  resolved "https://registry.yarnpkg.com/normalize.css/-/normalize.css-5.0.0.tgz#7cec875ce8178a5333c4de80b68ea9c18b9d7c37"

