# THIS IS AN AUTOGENERATED FILE. DO NOT EDIT THIS FILE DIRECTLY.
# yarn lockfile v1


leaflet@^1.2.0:
  version "1.2.0"
  resolved "https://registry.yarnpkg.com/leaflet/-/leaflet-1.2.0.tgz#fd5d93d9cb00091f5f8a69206d0d6744c1c82697"

normalize.css@^5.0.0:
  version "5.0.0"
  resolved "https://registry.yarnpkg.com/normalize.css/-/normalize.css-5.0.0.tgz#7cec875ce8178a5333c4de80b68ea9c18b9d7c37"
